
Microsoft Visual Studio Solution File, Format Version 12.00
# Visual Studio 14
VisualStudioVersion = 14.0.25420.1
MinimumVisualStudioVersion = 10.0.40219.1
Project("{FAE04EC0-301F-11D3-BF4B-00C04F79EFBC}") = "HelloAzureRaspi", "HelloAzureRaspi\HelloAzureRaspi.csproj", "{14157784-67FC-4C72-BB12-DF6597402A2E}"
EndProject
Project("{FAE04EC0-301F-11D3-BF4B-00C04F79EFBC}") = "Driver", "GrovePi\Software\CSharp\Driver\Driver.csproj", "{6D24EAD0-AF01-4870-B042-FC782A973C46}"
EndProject
Project("{FAE04EC0-301F-11D3-BF4B-00C04F79EFBC}") = "GrovePi", "GrovePi\Software\CSharp\GrovePi\GrovePi.csproj", "{A667742A-B887-4B46-8EC1-C671E8BEC5E4}"
EndProject
Project("{FAE04EC0-301F-11D3-BF4B-00C04F79EFBC}") = "PiCreateDeviceKey", "PiCreateDeviceKey\PiCreateDeviceKey.csproj", "{6CBEDD1A-A8AF-4BD6-9302-76874E2212DE}"
EndProject
Project("{FAE04EC0-301F-11D3-BF4B-00C04F79EFBC}") = "SimulatedDevice", "SimulatedDevice\SimulatedDevice.csproj", "{A1520D53-DC61-42D5-8BED-CD7CF9255390}"
EndProject
Project("{FAE04EC0-301F-11D3-BF4B-00C04F79EFBC}") = "ReadTable", "ReadTable\ReadTable.csproj", "{A5111E05-C9A8-42B4-A607-98D7501C42AB}"
EndProject
Project("{FAE04EC0-301F-11D3-BF4B-00C04F79EFBC}") = "ReadQueue", "ReadQueue\ReadQueue.csproj", "{5AA0ECE3-74B9-4AC6-B4C3-B2A8979F8AAA}"
EndProject
Project("{FAE04EC0-301F-11D3-BF4B-00C04F79EFBC}") = "ReadEventHub", "ReadEventHub\ReadEventHub.csproj", "{020555DD-CD90-4C77-9947-0ABA077E0331}"
EndProject
Project("{FAE04EC0-301F-11D3-BF4B-00C04F79EFBC}") = "ReadIoTHub", "ReadIoTHub\ReadIoTHub.csproj", "{9E8E54A7-C1FE-419B-A909-0D420924F0FA}"
EndProject
Project("{FAE04EC0-301F-11D3-BF4B-00C04F79EFBC}") = "test", "test\test.csproj", "{6A6731C5-60DA-4879-9D8C-194966C82EEE}"
EndProject
Project("{FAE04EC0-301F-11D3-BF4B-00C04F79EFBC}") = "TestBlob", "TestBlob\TestBlob.csproj", "{ABF1CE8C-31CB-4043-8EFB-15B4763DBABE}"
EndProject
Global
	GlobalSection(SolutionConfigurationPlatforms) = preSolution
		Debug|Any CPU = Debug|Any CPU
		Debug|ARM = Debug|ARM
		Debug|x64 = Debug|x64
		Debug|x86 = Debug|x86
		Release|Any CPU = Release|Any CPU
		Release|ARM = Release|ARM
		Release|x64 = Release|x64
		Release|x86 = Release|x86
	EndGlobalSection
	GlobalSection(ProjectConfigurationPlatforms) = postSolution
		{14157784-67FC-4C72-BB12-DF6597402A2E}.Debug|Any CPU.ActiveCfg = Debug|x86
		{14157784-67FC-4C72-BB12-DF6597402A2E}.Debug|ARM.ActiveCfg = Debug|ARM
		{14157784-67FC-4C72-BB12-DF6597402A2E}.Debug|ARM.Build.0 = Debug|ARM
		{14157784-67FC-4C72-BB12-DF6597402A2E}.Debug|ARM.Deploy.0 = Debug|ARM
		{14157784-67FC-4C72-BB12-DF6597402A2E}.Debug|x64.ActiveCfg = Debug|x64
		{14157784-67FC-4C72-BB12-DF6597402A2E}.Debug|x64.Build.0 = Debug|x64
		{14157784-67FC-4C72-BB12-DF6597402A2E}.Debug|x64.Deploy.0 = Debug|x64
		{14157784-67FC-4C72-BB12-DF6597402A2E}.Debug|x86.ActiveCfg = Debug|x86
		{14157784-67FC-4C72-BB12-DF6597402A2E}.Debug|x86.Build.0 = Debug|x86
		{14157784-67FC-4C72-BB12-DF6597402A2E}.Debug|x86.Deploy.0 = Debug|x86
		{14157784-67FC-4C72-BB12-DF6597402A2E}.Release|Any CPU.ActiveCfg = Release|x86
		{14157784-67FC-4C72-BB12-DF6597402A2E}.Release|ARM.ActiveCfg = Release|ARM
		{14157784-67FC-4C72-BB12-DF6597402A2E}.Release|ARM.Build.0 = Release|ARM
		{14157784-67FC-4C72-BB12-DF6597402A2E}.Release|ARM.Deploy.0 = Release|ARM
		{14157784-67FC-4C72-BB12-DF6597402A2E}.Release|x64.ActiveCfg = Release|x64
		{14157784-67FC-4C72-BB12-DF6597402A2E}.Release|x64.Build.0 = Release|x64
		{14157784-67FC-4C72-BB12-DF6597402A2E}.Release|x64.Deploy.0 = Release|x64
		{14157784-67FC-4C72-BB12-DF6597402A2E}.Release|x86.ActiveCfg = Release|x86
		{14157784-67FC-4C72-BB12-DF6597402A2E}.Release|x86.Build.0 = Release|x86
		{14157784-67FC-4C72-BB12-DF6597402A2E}.Release|x86.Deploy.0 = Release|x86
		{6D24EAD0-AF01-4870-B042-FC782A973C46}.Debug|Any CPU.ActiveCfg = Debug|ARM
		{6D24EAD0-AF01-4870-B042-FC782A973C46}.Debug|ARM.ActiveCfg = Debug|ARM
		{6D24EAD0-AF01-4870-B042-FC782A973C46}.Debug|ARM.Build.0 = Debug|ARM
		{6D24EAD0-AF01-4870-B042-FC782A973C46}.Debug|ARM.Deploy.0 = Debug|ARM
		{6D24EAD0-AF01-4870-B042-FC782A973C46}.Debug|x64.ActiveCfg = Debug|ARM
		{6D24EAD0-AF01-4870-B042-FC782A973C46}.Debug|x86.ActiveCfg = Debug|ARM
		{6D24EAD0-AF01-4870-B042-FC782A973C46}.Release|Any CPU.ActiveCfg = Release|ARM
		{6D24EAD0-AF01-4870-B042-FC782A973C46}.Release|ARM.ActiveCfg = Release|ARM
		{6D24EAD0-AF01-4870-B042-FC782A973C46}.Release|ARM.Build.0 = Release|ARM
		{6D24EAD0-AF01-4870-B042-FC782A973C46}.Release|ARM.Deploy.0 = Release|ARM
		{6D24EAD0-AF01-4870-B042-FC782A973C46}.Release|x64.ActiveCfg = Release|ARM
		{6D24EAD0-AF01-4870-B042-FC782A973C46}.Release|x86.ActiveCfg = Release|ARM
		{A667742A-B887-4B46-8EC1-C671E8BEC5E4}.Debug|Any CPU.ActiveCfg = Debug|ARM
		{A667742A-B887-4B46-8EC1-C671E8BEC5E4}.Debug|ARM.ActiveCfg = Debug|ARM
		{A667742A-B887-4B46-8EC1-C671E8BEC5E4}.Debug|ARM.Build.0 = Debug|ARM
		{A667742A-B887-4B46-8EC1-C671E8BEC5E4}.Debug|x64.ActiveCfg = Debug|ARM
		{A667742A-B887-4B46-8EC1-C671E8BEC5E4}.Debug|x86.ActiveCfg = Debug|ARM
		{A667742A-B887-4B46-8EC1-C671E8BEC5E4}.Release|Any CPU.ActiveCfg = Release|ARM
		{A667742A-B887-4B46-8EC1-C671E8BEC5E4}.Release|ARM.ActiveCfg = Release|ARM
		{A667742A-B887-4B46-8EC1-C671E8BEC5E4}.Release|ARM.Build.0 = Release|ARM
		{A667742A-B887-4B46-8EC1-C671E8BEC5E4}.Release|x64.ActiveCfg = Release|ARM
		{A667742A-B887-4B46-8EC1-C671E8BEC5E4}.Release|x86.ActiveCfg = Release|ARM
		{6CBEDD1A-A8AF-4BD6-9302-76874E2212DE}.Debug|Any CPU.ActiveCfg = Debug|x86
		{6CBEDD1A-A8AF-4BD6-9302-76874E2212DE}.Debug|ARM.ActiveCfg = Debug|ARM
		{6CBEDD1A-A8AF-4BD6-9302-76874E2212DE}.Debug|ARM.Build.0 = Debug|ARM
		{6CBEDD1A-A8AF-4BD6-9302-76874E2212DE}.Debug|ARM.Deploy.0 = Debug|ARM
		{6CBEDD1A-A8AF-4BD6-9302-76874E2212DE}.Debug|x64.ActiveCfg = Debug|x64
		{6CBEDD1A-A8AF-4BD6-9302-76874E2212DE}.Debug|x64.Build.0 = Debug|x64
		{6CBEDD1A-A8AF-4BD6-9302-76874E2212DE}.Debug|x64.Deploy.0 = Debug|x64
		{6CBEDD1A-A8AF-4BD6-9302-76874E2212DE}.Debug|x86.ActiveCfg = Debug|x86
		{6CBEDD1A-A8AF-4BD6-9302-76874E2212DE}.Debug|x86.Build.0 = Debug|x86
		{6CBEDD1A-A8AF-4BD6-9302-76874E2212DE}.Debug|x86.Deploy.0 = Debug|x86
		{6CBEDD1A-A8AF-4BD6-9302-76874E2212DE}.Release|Any CPU.ActiveCfg = Release|x86
		{6CBEDD1A-A8AF-4BD6-9302-76874E2212DE}.Release|ARM.ActiveCfg = Release|ARM
		{6CBEDD1A-A8AF-4BD6-9302-76874E2212DE}.Release|ARM.Build.0 = Release|ARM
		{6CBEDD1A-A8AF-4BD6-9302-76874E2212DE}.Release|ARM.Deploy.0 = Release|ARM
		{6CBEDD1A-A8AF-4BD6-9302-76874E2212DE}.Release|x64.ActiveCfg = Release|x64
		{6CBEDD1A-A8AF-4BD6-9302-76874E2212DE}.Release|x64.Build.0 = Release|x64
		{6CBEDD1A-A8AF-4BD6-9302-76874E2212DE}.Release|x64.Deploy.0 = Release|x64
		{6CBEDD1A-A8AF-4BD6-9302-76874E2212DE}.Release|x86.ActiveCfg = Release|x86
		{6CBEDD1A-A8AF-4BD6-9302-76874E2212DE}.Release|x86.Build.0 = Release|x86
		{6CBEDD1A-A8AF-4BD6-9302-76874E2212DE}.Release|x86.Deploy.0 = Release|x86
		{A1520D53-DC61-42D5-8BED-CD7CF9255390}.Debug|Any CPU.ActiveCfg = Debug|Any CPU
		{A1520D53-DC61-42D5-8BED-CD7CF9255390}.Debug|Any CPU.Build.0 = Debug|Any CPU
		{A1520D53-DC61-42D5-8BED-CD7CF9255390}.Debug|ARM.ActiveCfg = Debug|Any CPU
		{A1520D53-DC61-42D5-8BED-CD7CF9255390}.Debug|ARM.Build.0 = Debug|Any CPU
		{A1520D53-DC61-42D5-8BED-CD7CF9255390}.Debug|x64.ActiveCfg = Debug|Any CPU
		{A1520D53-DC61-42D5-8BED-CD7CF9255390}.Debug|x64.Build.0 = Debug|Any CPU
		{A1520D53-DC61-42D5-8BED-CD7CF9255390}.Debug|x86.ActiveCfg = Debug|Any CPU
		{A1520D53-DC61-42D5-8BED-CD7CF9255390}.Debug|x86.Build.0 = Debug|Any CPU
		{A1520D53-DC61-42D5-8BED-CD7CF9255390}.Release|Any CPU.ActiveCfg = Release|Any CPU
		{A1520D53-DC61-42D5-8BED-CD7CF9255390}.Release|Any CPU.Build.0 = Release|Any CPU
		{A1520D53-DC61-42D5-8BED-CD7CF9255390}.Release|ARM.ActiveCfg = Release|Any CPU
		{A1520D53-DC61-42D5-8BED-CD7CF9255390}.Release|ARM.Build.0 = Release|Any CPU
		{A1520D53-DC61-42D5-8BED-CD7CF9255390}.Release|x64.ActiveCfg = Release|Any CPU
		{A1520D53-DC61-42D5-8BED-CD7CF9255390}.Release|x64.Build.0 = Release|Any CPU
		{A1520D53-DC61-42D5-8BED-CD7CF9255390}.Release|x86.ActiveCfg = Release|Any CPU
		{A1520D53-DC61-42D5-8BED-CD7CF9255390}.Release|x86.Build.0 = Release|Any CPU
		{A5111E05-C9A8-42B4-A607-98D7501C42AB}.Debug|Any CPU.ActiveCfg = Debug|Any CPU
		{A5111E05-C9A8-42B4-A607-98D7501C42AB}.Debug|Any CPU.Build.0 = Debug|Any CPU
		{A5111E05-C9A8-42B4-A607-98D7501C42AB}.Debug|ARM.ActiveCfg = Debug|Any CPU
		{A5111E05-C9A8-42B4-A607-98D7501C42AB}.Debug|ARM.Build.0 = Debug|Any CPU
		{A5111E05-C9A8-42B4-A607-98D7501C42AB}.Debug|x64.ActiveCfg = Debug|Any CPU
		{A5111E05-C9A8-42B4-A607-98D7501C42AB}.Debug|x64.Build.0 = Debug|Any CPU
		{A5111E05-C9A8-42B4-A607-98D7501C42AB}.Debug|x86.ActiveCfg = Debug|Any CPU
		{A5111E05-C9A8-42B4-A607-98D7501C42AB}.Debug|x86.Build.0 = Debug|Any CPU
		{A5111E05-C9A8-42B4-A607-98D7501C42AB}.Release|Any CPU.ActiveCfg = Release|Any CPU
		{A5111E05-C9A8-42B4-A607-98D7501C42AB}.Release|Any CPU.Build.0 = Release|Any CPU
		{A5111E05-C9A8-42B4-A607-98D7501C42AB}.Release|ARM.ActiveCfg = Release|Any CPU
		{A5111E05-C9A8-42B4-A607-98D7501C42AB}.Release|ARM.Build.0 = Release|Any CPU
		{A5111E05-C9A8-42B4-A607-98D7501C42AB}.Release|x64.ActiveCfg = Release|Any CPU
		{A5111E05-C9A8-42B4-A607-98D7501C42AB}.Release|x64.Build.0 = Release|Any CPU
		{A5111E05-C9A8-42B4-A607-98D7501C42AB}.Release|x86.ActiveCfg = Release|Any CPU
		{A5111E05-C9A8-42B4-A607-98D7501C42AB}.Release|x86.Build.0 = Release|Any CPU
		{5AA0ECE3-74B9-4AC6-B4C3-B2A8979F8AAA}.Debug|Any CPU.ActiveCfg = Debug|Any CPU
		{5AA0ECE3-74B9-4AC6-B4C3-B2A8979F8AAA}.Debug|Any CPU.Build.0 = Debug|Any CPU
		{5AA0ECE3-74B9-4AC6-B4C3-B2A8979F8AAA}.Debug|ARM.ActiveCfg = Debug|Any CPU
		{5AA0ECE3-74B9-4AC6-B4C3-B2A8979F8AAA}.Debug|ARM.Build.0 = Debug|Any CPU
		{5AA0ECE3-74B9-4AC6-B4C3-B2A8979F8AAA}.Debug|x64.ActiveCfg = Debug|Any CPU
		{5AA0ECE3-74B9-4AC6-B4C3-B2A8979F8AAA}.Debug|x64.Build.0 = Debug|Any CPU
		{5AA0ECE3-74B9-4AC6-B4C3-B2A8979F8AAA}.Debug|x86.ActiveCfg = Debug|Any CPU
		{5AA0ECE3-74B9-4AC6-B4C3-B2A8979F8AAA}.Debug|x86.Build.0 = Debug|Any CPU
		{5AA0ECE3-74B9-4AC6-B4C3-B2A8979F8AAA}.Release|Any CPU.ActiveCfg = Release|Any CPU
		{5AA0ECE3-74B9-4AC6-B4C3-B2A8979F8AAA}.Release|Any CPU.Build.0 = Release|Any CPU
		{5AA0ECE3-74B9-4AC6-B4C3-B2A8979F8AAA}.Release|ARM.ActiveCfg = Release|Any CPU
		{5AA0ECE3-74B9-4AC6-B4C3-B2A8979F8AAA}.Release|ARM.Build.0 = Release|Any CPU
		{5AA0ECE3-74B9-4AC6-B4C3-B2A8979F8AAA}.Release|x64.ActiveCfg = Release|Any CPU
		{5AA0ECE3-74B9-4AC6-B4C3-B2A8979F8AAA}.Release|x64.Build.0 = Release|Any CPU
		{5AA0ECE3-74B9-4AC6-B4C3-B2A8979F8AAA}.Release|x86.ActiveCfg = Release|Any CPU
		{5AA0ECE3-74B9-4AC6-B4C3-B2A8979F8AAA}.Release|x86.Build.0 = Release|Any CPU
		{020555DD-CD90-4C77-9947-0ABA077E0331}.Debug|Any CPU.ActiveCfg = Debug|Any CPU
		{020555DD-CD90-4C77-9947-0ABA077E0331}.Debug|Any CPU.Build.0 = Debug|Any CPU
		{020555DD-CD90-4C77-9947-0ABA077E0331}.Debug|ARM.ActiveCfg = Debug|Any CPU
		{020555DD-CD90-4C77-9947-0ABA077E0331}.Debug|ARM.Build.0 = Debug|Any CPU
		{020555DD-CD90-4C77-9947-0ABA077E0331}.Debug|x64.ActiveCfg = Debug|Any CPU
		{020555DD-CD90-4C77-9947-0ABA077E0331}.Debug|x64.Build.0 = Debug|Any CPU
		{020555DD-CD90-4C77-9947-0ABA077E0331}.Debug|x86.ActiveCfg = Debug|Any CPU
		{020555DD-CD90-4C77-9947-0ABA077E0331}.Debug|x86.Build.0 = Debug|Any CPU
		{020555DD-CD90-4C77-9947-0ABA077E0331}.Release|Any CPU.ActiveCfg = Release|Any CPU
		{020555DD-CD90-4C77-9947-0ABA077E0331}.Release|Any CPU.Build.0 = Release|Any CPU
		{020555DD-CD90-4C77-9947-0ABA077E0331}.Release|ARM.ActiveCfg = Release|Any CPU
		{020555DD-CD90-4C77-9947-0ABA077E0331}.Release|ARM.Build.0 = Release|Any CPU
		{020555DD-CD90-4C77-9947-0ABA077E0331}.Release|x64.ActiveCfg = Release|Any CPU
		{020555DD-CD90-4C77-9947-0ABA077E0331}.Release|x64.Build.0 = Release|Any CPU
		{020555DD-CD90-4C77-9947-0ABA077E0331}.Release|x86.ActiveCfg = Release|Any CPU
		{020555DD-CD90-4C77-9947-0ABA077E0331}.Release|x86.Build.0 = Release|Any CPU
		{9E8E54A7-C1FE-419B-A909-0D420924F0FA}.Debug|Any CPU.ActiveCfg = Debug|Any CPU
		{9E8E54A7-C1FE-419B-A909-0D420924F0FA}.Debug|Any CPU.Build.0 = Debug|Any CPU
		{9E8E54A7-C1FE-419B-A909-0D420924F0FA}.Debug|ARM.ActiveCfg = Debug|Any CPU
		{9E8E54A7-C1FE-419B-A909-0D420924F0FA}.Debug|ARM.Build.0 = Debug|Any CPU
		{9E8E54A7-C1FE-419B-A909-0D420924F0FA}.Debug|x64.ActiveCfg = Debug|Any CPU
		{9E8E54A7-C1FE-419B-A909-0D420924F0FA}.Debug|x64.Build.0 = Debug|Any CPU
		{9E8E54A7-C1FE-419B-A909-0D420924F0FA}.Debug|x86.ActiveCfg = Debug|Any CPU
		{9E8E54A7-C1FE-419B-A909-0D420924F0FA}.Debug|x86.Build.0 = Debug|Any CPU
		{9E8E54A7-C1FE-419B-A909-0D420924F0FA}.Release|Any CPU.ActiveCfg = Release|Any CPU
		{9E8E54A7-C1FE-419B-A909-0D420924F0FA}.Release|Any CPU.Build.0 = Release|Any CPU
		{9E8E54A7-C1FE-419B-A909-0D420924F0FA}.Release|ARM.ActiveCfg = Release|Any CPU
		{9E8E54A7-C1FE-419B-A909-0D420924F0FA}.Release|ARM.Build.0 = Release|Any CPU
		{9E8E54A7-C1FE-419B-A909-0D420924F0FA}.Release|x64.ActiveCfg = Release|Any CPU
		{9E8E54A7-C1FE-419B-A909-0D420924F0FA}.Release|x64.Build.0 = Release|Any CPU
		{9E8E54A7-C1FE-419B-A909-0D420924F0FA}.Release|x86.ActiveCfg = Release|Any CPU
		{9E8E54A7-C1FE-419B-A909-0D420924F0FA}.Release|x86.Build.0 = Release|Any CPU
		{6A6731C5-60DA-4879-9D8C-194966C82EEE}.Debug|Any CPU.ActiveCfg = Debug|Any CPU
		{6A6731C5-60DA-4879-9D8C-194966C82EEE}.Debug|Any CPU.Build.0 = Debug|Any CPU
		{6A6731C5-60DA-4879-9D8C-194966C82EEE}.Debug|ARM.ActiveCfg = Debug|Any CPU
		{6A6731C5-60DA-4879-9D8C-194966C82EEE}.Debug|ARM.Build.0 = Debug|Any CPU
		{6A6731C5-60DA-4879-9D8C-194966C82EEE}.Debug|x64.ActiveCfg = Debug|Any CPU
		{6A6731C5-60DA-4879-9D8C-194966C82EEE}.Debug|x64.Build.0 = Debug|Any CPU
		{6A6731C5-60DA-4879-9D8C-194966C82EEE}.Debug|x86.ActiveCfg = Debug|Any CPU
		{6A6731C5-60DA-4879-9D8C-194966C82EEE}.Debug|x86.Build.0 = Debug|Any CPU
		{6A6731C5-60DA-4879-9D8C-194966C82EEE}.Release|Any CPU.ActiveCfg = Release|Any CPU
		{6A6731C5-60DA-4879-9D8C-194966C82EEE}.Release|Any CPU.Build.0 = Release|Any CPU
		{6A6731C5-60DA-4879-9D8C-194966C82EEE}.Release|ARM.ActiveCfg = Release|Any CPU
		{6A6731C5-60DA-4879-9D8C-194966C82EEE}.Release|ARM.Build.0 = Release|Any CPU
		{6A6731C5-60DA-4879-9D8C-194966C82EEE}.Release|x64.ActiveCfg = Release|Any CPU
		{6A6731C5-60DA-4879-9D8C-194966C82EEE}.Release|x64.Build.0 = Release|Any CPU
		{6A6731C5-60DA-4879-9D8C-194966C82EEE}.Release|x86.ActiveCfg = Release|Any CPU
		{6A6731C5-60DA-4879-9D8C-194966C82EEE}.Release|x86.Build.0 = Release|Any CPU
		{ABF1CE8C-31CB-4043-8EFB-15B4763DBABE}.Debug|Any CPU.ActiveCfg = Debug|Any CPU
		{ABF1CE8C-31CB-4043-8EFB-15B4763DBABE}.Debug|Any CPU.Build.0 = Debug|Any CPU
		{ABF1CE8C-31CB-4043-8EFB-15B4763DBABE}.Debug|ARM.ActiveCfg = Debug|Any CPU
		{ABF1CE8C-31CB-4043-8EFB-15B4763DBABE}.Debug|ARM.Build.0 = Debug|Any CPU
		{ABF1CE8C-31CB-4043-8EFB-15B4763DBABE}.Debug|x64.ActiveCfg = Debug|Any CPU
		{ABF1CE8C-31CB-4043-8EFB-15B4763DBABE}.Debug|x64.Build.0 = Debug|Any CPU
		{ABF1CE8C-31CB-4043-8EFB-15B4763DBABE}.Debug|x86.ActiveCfg = Debug|Any CPU
		{ABF1CE8C-31CB-4043-8EFB-15B4763DBABE}.Debug|x86.Build.0 = Debug|Any CPU
		{ABF1CE8C-31CB-4043-8EFB-15B4763DBABE}.Release|Any CPU.ActiveCfg = Release|Any CPU
		{ABF1CE8C-31CB-4043-8EFB-15B4763DBABE}.Release|Any CPU.Build.0 = Release|Any CPU
		{ABF1CE8C-31CB-4043-8EFB-15B4763DBABE}.Release|ARM.ActiveCfg = Release|Any CPU
		{ABF1CE8C-31CB-4043-8EFB-15B4763DBABE}.Release|ARM.Build.0 = Release|Any CPU
		{ABF1CE8C-31CB-4043-8EFB-15B4763DBABE}.Release|x64.ActiveCfg = Release|Any CPU
		{ABF1CE8C-31CB-4043-8EFB-15B4763DBABE}.Release|x64.Build.0 = Release|Any CPU
		{ABF1CE8C-31CB-4043-8EFB-15B4763DBABE}.Release|x86.ActiveCfg = Release|Any CPU
		{ABF1CE8C-31CB-4043-8EFB-15B4763DBABE}.Release|x86.Build.0 = Release|Any CPU
	EndGlobalSection
	GlobalSection(SolutionProperties) = preSolution
		HideSolutionNode = FALSE
	EndGlobalSection
EndGlobal
